// !$*UTF8*$!
{
	archiveVersion = 1;
	classes = {
	};
	objectVersion = 56;
	objects = {

/* Begin PBXBuildFile section */
		194BCCFA29C2148800226F49 /* Pomodoro_Focus_TimerApp.swift in Sources */ = {isa = PBXBuildFile; fileRef = 194BCCF929C2148800226F49 /* Pomodoro_Focus_TimerApp.swift */; };
		194BCCFC29C2148800226F49 /* ContentView.swift in Sources */ = {isa = PBXBuildFile; fileRef = 194BCCFB29C2148800226F49 /* ContentView.swift */; };
		194BCCFE29C2148A00226F49 /* Assets.xcassets in Resources */ = {isa = PBXBuildFile; fileRef = 194BCCFD29C2148A00226F49 /* Assets.xcassets */; };
		194BCD0129C2148A00226F49 /* Preview Assets.xcassets in Resources */ = {isa = PBXBuildFile; fileRef = 194BCD0029C2148A00226F49 /* Preview Assets.xcassets */; };
		194F498929CD51CA0070B711 /* timeBar3.png in Resources */ = {isa = PBXBuildFile; fileRef = 194F498429CD51CA0070B711 /* timeBar3.png */; };
		194F498A29CD51CA0070B711 /* timeBar1.png in Resources */ = {isa = PBXBuildFile; fileRef = 194F498529CD51CA0070B711 /* timeBar1.png */; };
		194F498B29CD51CA0070B711 /* timeBar5.png in Resources */ = {isa = PBXBuildFile; fileRef = 194F498629CD51CA0070B711 /* timeBar5.png */; };
		194F498C29CD51CA0070B711 /* timeBar2.png in Resources */ = {isa = PBXBuildFile; fileRef = 194F498729CD51CA0070B711 /* timeBar2.png */; };
		194F498D29CD51CA0070B711 /* timeBar4.png in Resources */ = {isa = PBXBuildFile; fileRef = 194F498829CD51CA0070B711 /* timeBar4.png */; };
		195E4B7729C2CE4300B2587D /* timeFormat.swift in Sources */ = {isa = PBXBuildFile; fileRef = 195E4B7629C2CE4300B2587D /* timeFormat.swift */; };
		195E4BA529C5756B00B2587D /* reset.png in Resources */ = {isa = PBXBuildFile; fileRef = 195E4BA129C5756B00B2587D /* reset.png */; };
		195E4BA629C5756B00B2587D /* sliders.png in Resources */ = {isa = PBXBuildFile; fileRef = 195E4BA229C5756B00B2587D /* sliders.png */; };
		195E4BA729C5756B00B2587D /* settings.png in Resources */ = {isa = PBXBuildFile; fileRef = 195E4BA329C5756B00B2587D /* settings.png */; };
		195E4BA829C5756B00B2587D /* pause.png in Resources */ = {isa = PBXBuildFile; fileRef = 195E4BA429C5756B00B2587D /* pause.png */; };
		195E4BAA29C5758100B2587D /* play.png in Resources */ = {isa = PBXBuildFile; fileRef = 195E4BA929C5758100B2587D /* play.png */; };
		195E4BAE29C578A800B2587D /* right.png in Resources */ = {isa = PBXBuildFile; fileRef = 195E4BAD29C578A800B2587D /* right.png */; };
		195E4C8929CAB63700B2587D /* FocusTimer.swift in Sources */ = {isa = PBXBuildFile; fileRef = 195E4C8829CAB63700B2587D /* FocusTimer.swift */; };
		195E4C8B29CAB66900B2587D /* PomodoroTimer.swift in Sources */ = {isa = PBXBuildFile; fileRef = 195E4C8A29CAB66900B2587D /* PomodoroTimer.swift */; };
		195E4C8D29CAB68400B2587D /* RecordTimer.swift in Sources */ = {isa = PBXBuildFile; fileRef = 195E4C8C29CAB68400B2587D /* RecordTimer.swift */; };
		195E4C9129CB31AF00B2587D /* Setting.swift in Sources */ = {isa = PBXBuildFile; fileRef = 195E4C9029CB31AF00B2587D /* Setting.swift */; };
		195E4C9329CB362300B2587D /* recordFormat.swift in Sources */ = {isa = PBXBuildFile; fileRef = 195E4C9229CB362300B2587D /* recordFormat.swift */; };
/* End PBXBuildFile section */

/* Begin PBXFileReference section */
		194BCCF629C2148800226F49 /* Pomodoro_Focus_Timer.app */ = {isa = PBXFileReference; explicitFileType = wrapper.application; includeInIndex = 0; path = Pomodoro_Focus_Timer.app; sourceTree = BUILT_PRODUCTS_DIR; };
		194BCCF929C2148800226F49 /* Pomodoro_Focus_TimerApp.swift */ = {isa = PBXFileReference; lastKnownFileType = sourcecode.swift; path = Pomodoro_Focus_TimerApp.swift; sourceTree = "<group>"; };
		194BCCFB29C2148800226F49 /* ContentView.swift */ = {isa = PBXFileReference; lastKnownFileType = sourcecode.swift; path = ContentView.swift; sourceTree = "<group>"; };
		194BCCFD29C2148A00226F49 /* Assets.xcassets */ = {isa = PBXFileReference; lastKnownFileType = folder.assetcatalog; path = Assets.xcassets; sourceTree = "<group>"; };
		194BCD0029C2148A00226F49 /* Preview Assets.xcassets */ = {isa = PBXFileReference; lastKnownFileType = folder.assetcatalog; path = "Preview Assets.xcassets"; sourceTree = "<group>"; };
		194F498429CD51CA0070B711 /* timeBar3.png */ = {isa = PBXFileReference; lastKnownFileType = image.png; path = timeBar3.png; sourceTree = "<group>"; };
		194F498529CD51CA0070B711 /* timeBar1.png */ = {isa = PBXFileReference; lastKnownFileType = image.png; path = timeBar1.png; sourceTree = "<group>"; };
		194F498629CD51CA0070B711 /* timeBar5.png */ = {isa = PBXFileReference; lastKnownFileType = image.png; path = timeBar5.png; sourceTree = "<group>"; };
		194F498729CD51CA0070B711 /* timeBar2.png */ = {isa = PBXFileReference; lastKnownFileType = image.png; path = timeBar2.png; sourceTree = "<group>"; };
		194F498829CD51CA0070B711 /* timeBar4.png */ = {isa = PBXFileReference; lastKnownFileType = image.png; path = timeBar4.png; sourceTree = "<group>"; };
		195E4B7629C2CE4300B2587D /* timeFormat.swift */ = {isa = PBXFileReference; lastKnownFileType = sourcecode.swift; path = timeFormat.swift; sourceTree = "<group>"; };
		195E4BA129C5756B00B2587D /* reset.png */ = {isa = PBXFileReference; lastKnownFileType = image.png; path = reset.png; sourceTree = "<group>"; };
		195E4BA229C5756B00B2587D /* sliders.png */ = {isa = PBXFileReference; lastKnownFileType = image.png; path = sliders.png; sourceTree = "<group>"; };
		195E4BA329C5756B00B2587D /* settings.png */ = {isa = PBXFileReference; lastKnownFileType = image.png; path = settings.png; sourceTree = "<group>"; };
		195E4BA429C5756B00B2587D /* pause.png */ = {isa = PBXFileReference; lastKnownFileType = image.png; path = pause.png; sourceTree = "<group>"; };
		195E4BA929C5758100B2587D /* play.png */ = {isa = PBXFileReference; lastKnownFileType = image.png; path = play.png; sourceTree = "<group>"; };
		195E4BAD29C578A800B2587D /* right.png */ = {isa = PBXFileReference; lastKnownFileType = image.png; path = right.png; sourceTree = "<group>"; };
		195E4C8829CAB63700B2587D /* FocusTimer.swift */ = {isa = PBXFileReference; lastKnownFileType = sourcecode.swift; path = FocusTimer.swift; sourceTree = "<group>"; };
		195E4C8A29CAB66900B2587D /* PomodoroTimer.swift */ = {isa = PBXFileReference; lastKnownFileType = sourcecode.swift; path = PomodoroTimer.swift; sourceTree = "<group>"; };
		195E4C8C29CAB68400B2587D /* RecordTimer.swift */ = {isa = PBXFileReference; lastKnownFileType = sourcecode.swift; path = RecordTimer.swift; sourceTree = "<group>"; };
		195E4C9029CB31AF00B2587D /* Setting.swift */ = {isa = PBXFileReference; lastKnownFileType = sourcecode.swift; path = Setting.swift; sourceTree = "<group>"; };
		195E4C9229CB362300B2587D /* recordFormat.swift */ = {isa = PBXFileReference; lastKnownFileType = sourcecode.swift; path = recordFormat.swift; sourceTree = "<group>"; };
/* End PBXFileReference section */

/* Begin PBXFrameworksBuildPhase section */
		194BCCF329C2148800226F49 /* Frameworks */ = {
			isa = PBXFrameworksBuildPhase;
			buildActionMask = 2147483647;
			files = (
			);
			runOnlyForDeploymentPostprocessing = 0;
		};
/* End PBXFrameworksBuildPhase section */

/* Begin PBXGroup section */
		194BCCED29C2148800226F49 = {
			isa = PBXGroup;
			children = (
				194BCCF829C2148800226F49 /* Pomodoro_Focus_Timer */,
				194BCCF729C2148800226F49 /* Products */,
			);
			sourceTree = "<group>";
		};
		194BCCF729C2148800226F49 /* Products */ = {
			isa = PBXGroup;
			children = (
				194BCCF629C2148800226F49 /* Pomodoro_Focus_Timer.app */,
			);
			name = Products;
			sourceTree = "<group>";
		};
		194BCCF829C2148800226F49 /* Pomodoro_Focus_Timer */ = {
			isa = PBXGroup;
			children = (
				195E4B8529C55D5400B2587D /* Imgs */,
				195E4B7529C2CE0700B2587D /* Models */,
				195E4B7429C2CD8500B2587D /* Views */,
				194BCCF929C2148800226F49 /* Pomodoro_Focus_TimerApp.swift */,
				194BCCFD29C2148A00226F49 /* Assets.xcassets */,
				194BCCFF29C2148A00226F49 /* Preview Content */,
			);
			path = Pomodoro_Focus_Timer;
			sourceTree = "<group>";
		};
		194BCCFF29C2148A00226F49 /* Preview Content */ = {
			isa = PBXGroup;
			children = (
				194BCD0029C2148A00226F49 /* Preview Assets.xcassets */,
			);
			path = "Preview Content";
			sourceTree = "<group>";
		};
		195E4B7429C2CD8500B2587D /* Views */ = {
			isa = PBXGroup;
			children = (
				194BCCFB29C2148800226F49 /* ContentView.swift */,
				195E4C8829CAB63700B2587D /* FocusTimer.swift */,
				195E4C8A29CAB66900B2587D /* PomodoroTimer.swift */,
				195E4C8C29CAB68400B2587D /* RecordTimer.swift */,
				195E4C9029CB31AF00B2587D /* Setting.swift */,
			);
			path = Views;
			sourceTree = "<group>";
		};
		195E4B7529C2CE0700B2587D /* Models */ = {
			isa = PBXGroup;
			children = (
				195E4B7629C2CE4300B2587D /* timeFormat.swift */,
				195E4C9229CB362300B2587D /* recordFormat.swift */,
			);
			path = Models;
			sourceTree = "<group>";
		};
		195E4B8529C55D5400B2587D /* Imgs */ = {
			isa = PBXGroup;
			children = (
				195E4BA429C5756B00B2587D /* pause.png */,
				195E4BA929C5758100B2587D /* play.png */,
				195E4BA129C5756B00B2587D /* reset.png */,
				195E4BA329C5756B00B2587D /* settings.png */,
				195E4BA229C5756B00B2587D /* sliders.png */,
				195E4BAD29C578A800B2587D /* right.png */,
				194F498529CD51CA0070B711 /* timeBar1.png */,
				194F498729CD51CA0070B711 /* timeBar2.png */,
				194F498429CD51CA0070B711 /* timeBar3.png */,
				194F498629CD51CA0070B711 /* timeBar5.png */,
				194F498829CD51CA0070B711 /* timeBar4.png */,
			);
			path = Imgs;
			sourceTree = "<group>";
		};
/* End PBXGroup section */

/* Begin PBXNativeTarget section */
		194BCCF529C2148800226F49 /* Pomodoro_Focus_Timer */ = {
			isa = PBXNativeTarget;
			buildConfigurationList = 194BCD0429C2148A00226F49 /* Build configuration list for PBXNativeTarget "Pomodoro_Focus_Timer" */;
			buildPhases = (
				194BCCF229C2148800226F49 /* Sources */,
				194BCCF329C2148800226F49 /* Frameworks */,
				194BCCF429C2148800226F49 /* Resources */,
			);
			buildRules = (
			);
			dependencies = (
			);
			name = Pomodoro_Focus_Timer;
			productName = Pomodoro_Focus_Timer;
			productReference = 194BCCF629C2148800226F49 /* Pomodoro_Focus_Timer.app */;
			productType = "com.apple.product-type.application";
		};
/* End PBXNativeTarget section */

/* Begin PBXProject section */
		194BCCEE29C2148800226F49 /* Project object */ = {
			isa = PBXProject;
			attributes = {
				BuildIndependentTargetsInParallel = 1;
				LastSwiftUpdateCheck = 1420;
				LastUpgradeCheck = 1420;
				TargetAttributes = {
					194BCCF529C2148800226F49 = {
						CreatedOnToolsVersion = 14.2;
					};
				};
			};
			buildConfigurationList = 194BCCF129C2148800226F49 /* Build configuration list for PBXProject "Pomodoro_Focus_Timer" */;
			compatibilityVersion = "Xcode 14.0";
			developmentRegion = en;
			hasScannedForEncodings = 0;
			knownRegions = (
				en,
				Base,
			);
			mainGroup = 194BCCED29C2148800226F49;
			productRefGroup = 194BCCF729C2148800226F49 /* Products */;
			projectDirPath = "";
			projectRoot = "";
			targets = (
				194BCCF529C2148800226F49 /* Pomodoro_Focus_Timer */,
			);
		};
/* End PBXProject section */

/* Begin PBXResourcesBuildPhase section */
		194BCCF429C2148800226F49 /* Resources */ = {
			isa = PBXResourcesBuildPhase;
			buildActionMask = 2147483647;
			files = (
				195E4BA729C5756B00B2587D /* settings.png in Resources */,
				195E4BAA29C5758100B2587D /* play.png in Resources */,
				194BCD0129C2148A00226F49 /* Preview Assets.xcassets in Resources */,
				195E4BAE29C578A800B2587D /* right.png in Resources */,
				195E4BA629C5756B00B2587D /* sliders.png in Resources */,
				195E4BA829C5756B00B2587D /* pause.png in Resources */,
				194F498A29CD51CA0070B711 /* timeBar1.png in Resources */,
				194F498D29CD51CA0070B711 /* timeBar4.png in Resources */,
				194F498929CD51CA0070B711 /* timeBar3.png in Resources */,
				194F498B29CD51CA0070B711 /* timeBar5.png in Resources */,
				194F498C29CD51CA0070B711 /* timeBar2.png in Resources */,
				194BCCFE29C2148A00226F49 /* Assets.xcassets in Resources */,
				195E4BA529C5756B00B2587D /* reset.png in Resources */,
			);
			runOnlyForDeploymentPostprocessing = 0;
		};
/* End PBXResourcesBuildPhase section */

/* Begin PBXSourcesBuildPhase section */
		194BCCF229C2148800226F49 /* Sources */ = {
			isa = PBXSourcesBuildPhase;
			buildActionMask = 2147483647;
			files = (
				194BCCFC29C2148800226F49 /* ContentView.swift in Sources */,
				195E4C8929CAB63700B2587D /* FocusTimer.swift in Sources */,
				194BCCFA29C2148800226F49 /* Pomodoro_Focus_TimerApp.swift in Sources */,
				195E4C8D29CAB68400B2587D /* RecordTimer.swift in Sources */,
				195E4C9129CB31AF00B2587D /* Setting.swift in Sources */,
				195E4C9329CB362300B2587D /* recordFormat.swift in Sources */,
				195E4C8B29CAB66900B2587D /* PomodoroTimer.swift in Sources */,
				195E4B7729C2CE4300B2587D /* timeFormat.swift in Sources */,
			);
			runOnlyForDeploymentPostprocessing = 0;
		};
/* End PBXSourcesBuildPhase section */

/* Begin XCBuildConfiguration section */
		194BCD0229C2148A00226F49 /* Debug */ = {
			isa = XCBuildConfiguration;
			buildSettings = {
				ALWAYS_SEARCH_USER_PATHS = NO;
				CLANG_ANALYZER_NONNULL = YES;
				CLANG_ANALYZER_NUMBER_OBJECT_CONVERSION = YES_AGGRESSIVE;
				CLANG_CXX_LANGUAGE_STANDARD = "gnu++20";
				CLANG_ENABLE_MODULES = YES;
				CLANG_ENABLE_OBJC_ARC = YES;
				CLANG_ENABLE_OBJC_WEAK = YES;
				CLANG_WARN_BLOCK_CAPTURE_AUTORELEASING = YES;
				CLANG_WARN_BOOL_CONVERSION = YES;
				CLANG_WARN_COMMA = YES;
				CLANG_WARN_CONSTANT_CONVERSION = YES;
				CLANG_WARN_DEPRECATED_OBJC_IMPLEMENTATIONS = YES;
				CLANG_WARN_DIRECT_OBJC_ISA_USAGE = YES_ERROR;
				CLANG_WARN_DOCUMENTATION_COMMENTS = YES;
				CLANG_WARN_EMPTY_BODY = YES;
				CLANG_WARN_ENUM_CONVERSION = YES;
				CLANG_WARN_INFINITE_RECURSION = YES;
				CLANG_WARN_INT_CONVERSION = YES;
				CLANG_WARN_NON_LITERAL_NULL_CONVERSION = YES;
				CLANG_WARN_OBJC_IMPLICIT_RETAIN_SELF = YES;
				CLANG_WARN_OBJC_LITERAL_CONVERSION = YES;
				CLANG_WARN_OBJC_ROOT_CLASS = YES_ERROR;
				CLANG_WARN_QUOTED_INCLUDE_IN_FRAMEWORK_HEADER = YES;
				CLANG_WARN_RANGE_LOOP_ANALYSIS = YES;
				CLANG_WARN_STRICT_PROTOTYPES = YES;
				CLANG_WARN_SUSPICIOUS_MOVE = YES;
				CLANG_WARN_UNGUARDED_AVAILABILITY = YES_AGGRESSIVE;
				CLANG_WARN_UNREACHABLE_CODE = YES;
				CLANG_WARN__DUPLICATE_METHOD_MATCH = YES;
				COPY_PHASE_STRIP = NO;
				DEBUG_INFORMATION_FORMAT = dwarf;
				ENABLE_STRICT_OBJC_MSGSEND = YES;
				ENABLE_TESTABILITY = YES;
				GCC_C_LANGUAGE_STANDARD = gnu11;
				GCC_DYNAMIC_NO_PIC = NO;
				GCC_NO_COMMON_BLOCKS = YES;
				GCC_OPTIMIZATION_LEVEL = 0;
				GCC_PREPROCESSOR_DEFINITIONS = (
					"DEBUG=1",
					"$(inherited)",
				);
				GCC_WARN_64_TO_32_BIT_CONVERSION = YES;
				GCC_WARN_ABOUT_RETURN_TYPE = YES_ERROR;
				GCC_WARN_UNDECLARED_SELECTOR = YES;
				GCC_WARN_UNINITIALIZED_AUTOS = YES_AGGRESSIVE;
				GCC_WARN_UNUSED_FUNCTION = YES;
				GCC_WARN_UNUSED_VARIABLE = YES;
				IPHONEOS_DEPLOYMENT_TARGET = 16.2;
				MTL_ENABLE_DEBUG_INFO = INCLUDE_SOURCE;
				MTL_FAST_MATH = YES;
				ONLY_ACTIVE_ARCH = YES;
				SDKROOT = iphoneos;
				SWIFT_ACTIVE_COMPILATION_CONDITIONS = DEBUG;
				SWIFT_OPTIMIZATION_LEVEL = "-Onone";
			};
			name = Debug;
		};
		194BCD0329C2148A00226F49 /* Release */ = {
			isa = XCBuildConfiguration;
			buildSettings = {
				ALWAYS_SEARCH_USER_PATHS = NO;
				CLANG_ANALYZER_NONNULL = YES;
				CLANG_ANALYZER_NUMBER_OBJECT_CONVERSION = YES_AGGRESSIVE;
				CLANG_CXX_LANGUAGE_STANDARD = "gnu++20";
				CLANG_ENABLE_MODULES = YES;
				CLANG_ENABLE_OBJC_ARC = YES;
				CLANG_ENABLE_OBJC_WEAK = YES;
				CLANG_WARN_BLOCK_CAPTURE_AUTORELEASING = YES;
				CLANG_WARN_BOOL_CONVERSION = YES;
				CLANG_WARN_COMMA = YES;
				CLANG_WARN_CONSTANT_CONVERSION = YES;
				CLANG_WARN_DEPRECATED_OBJC_IMPLEMENTATIONS = YES;
				CLANG_WARN_DIRECT_OBJC_ISA_USAGE = YES_ERROR;
				CLANG_WARN_DOCUMENTATION_COMMENTS = YES;
				CLANG_WARN_EMPTY_BODY = YES;
				CLANG_WARN_ENUM_CONVERSION = YES;
				CLANG_WARN_INFINITE_RECURSION = YES;
				CLANG_WARN_INT_CONVERSION = YES;
				CLANG_WARN_NON_LITERAL_NULL_CONVERSION = YES;
				CLANG_WARN_OBJC_IMPLICIT_RETAIN_SELF = YES;
				CLANG_WARN_OBJC_LITERAL_CONVERSION = YES;
				CLANG_WARN_OBJC_ROOT_CLASS = YES_ERROR;
				CLANG_WARN_QUOTED_INCLUDE_IN_FRAMEWORK_HEADER = YES;
				CLANG_WARN_RANGE_LOOP_ANALYSIS = YES;
				CLANG_WARN_STRICT_PROTOTYPES = YES;
				CLANG_WARN_SUSPICIOUS_MOVE = YES;
				CLANG_WARN_UNGUARDED_AVAILABILITY = YES_AGGRESSIVE;
				CLANG_WARN_UNREACHABLE_CODE = YES;
				CLANG_WARN__DUPLICATE_METHOD_MATCH = YES;
				COPY_PHASE_STRIP = NO;
				DEBUG_INFORMATION_FORMAT = "dwarf-with-dsym";
				ENABLE_NS_ASSERTIONS = NO;
				ENABLE_STRICT_OBJC_MSGSEND = YES;
				GCC_C_LANGUAGE_STANDARD = gnu11;
				GCC_NO_COMMON_BLOCKS = YES;
				GCC_WARN_64_TO_32_BIT_CONVERSION = YES;
				GCC_WARN_ABOUT_RETURN_TYPE = YES_ERROR;
				GCC_WARN_UNDECLARED_SELECTOR = YES;
				GCC_WARN_UNINITIALIZED_AUTOS = YES_AGGRESSIVE;
				GCC_WARN_UNUSED_FUNCTION = YES;
				GCC_WARN_UNUSED_VARIABLE = YES;
				IPHONEOS_DEPLOYMENT_TARGET = 16.2;
				MTL_ENABLE_DEBUG_INFO = NO;
				MTL_FAST_MATH = YES;
				SDKROOT = iphoneos;
				SWIFT_COMPILATION_MODE = wholemodule;
				SWIFT_OPTIMIZATION_LEVEL = "-O";
				VALIDATE_PRODUCT = YES;
			};
			name = Release;
		};
		194BCD0529C2148A00226F49 /* Debug */ = {
			isa = XCBuildConfiguration;
			buildSettings = {
				ASSETCATALOG_COMPILER_APPICON_NAME = AppIcon;
				ASSETCATALOG_COMPILER_GLOBAL_ACCENT_COLOR_NAME = AccentColor;
				CODE_SIGN_STYLE = Automatic;
				CURRENT_PROJECT_VERSION = 1;
				DEVELOPMENT_ASSET_PATHS = "\"Pomodoro_Focus_Timer/Preview Content\"";
				ENABLE_PREVIEWS = YES;
				GENERATE_INFOPLIST_FILE = YES;
				INFOPLIST_KEY_UIApplicationSceneManifest_Generation = YES;
				INFOPLIST_KEY_UIApplicationSupportsIndirectInputEvents = YES;
				INFOPLIST_KEY_UILaunchScreen_Generation = YES;
				INFOPLIST_KEY_UISupportedInterfaceOrientations_iPad = "UIInterfaceOrientationPortrait UIInterfaceOrientationPortraitUpsideDown UIInterfaceOrientationLandscapeLeft UIInterfaceOrientationLandscapeRight";
				INFOPLIST_KEY_UISupportedInterfaceOrientations_iPhone = "UIInterfaceOrientationPortrait UIInterfaceOrientationLandscapeLeft UIInterfaceOrientationLandscapeRight";
				LD_RUNPATH_SEARCH_PATHS = (
					"$(inherited)",
					"@executable_path/Frameworks",
				);
				MARKETING_VERSION = 1.0;
				PRODUCT_BUNDLE_IDENTIFIER = "app.Pomodoro-Focus-Timer";
				PRODUCT_NAME = "$(TARGET_NAME)";
				SWIFT_EMIT_LOC_STRINGS = YES;
				SWIFT_VERSION = 5.0;
				TARGETED_DEVICE_FAMILY = "1,2";
			};
			name = Debug;
		};
		194BCD0629C2148A00226F49 /* Release */ = {
			isa = XCBuildConfiguration;
			buildSettings = {
				ASSETCATALOG_COMPILER_APPICON_NAME = AppIcon;
				ASSETCATALOG_COMPILER_GLOBAL_ACCENT_COLOR_NAME = AccentColor;
				CODE_SIGN_STYLE = Automatic;
				CURRENT_PROJECT_VERSION = 1;
				DEVELOPMENT_ASSET_PATHS = "\"Pomodoro_Focus_Timer/Preview Content\"";
				ENABLE_PREVIEWS = YES;
				GENERATE_INFOPLIST_FILE = YES;
				INFOPLIST_KEY_UIApplicationSceneManifest_Generation = YES;
				INFOPLIST_KEY_UIApplicationSupportsIndirectInputEvents = YES;
				INFOPLIST_KEY_UILaunchScreen_Generation = YES;
				INFOPLIST_KEY_UISupportedInterfaceOrientations_iPad = "UIInterfaceOrientationPortrait UIInterfaceOrientationPortraitUpsideDown UIInterfaceOrientationLandscapeLeft UIInterfaceOrientationLandscapeRight";
				INFOPLIST_KEY_UISupportedInterfaceOrientations_iPhone = "UIInterfaceOrientationPortrait UIInterfaceOrientationLandscapeLeft UIInterfaceOrientationLandscapeRight";
				LD_RUNPATH_SEARCH_PATHS = (
					"$(inherited)",
					"@executable_path/Frameworks",
				);
				MARKETING_VERSION = 1.0;
				PRODUCT_BUNDLE_IDENTIFIER = "app.Pomodoro-Focus-Timer";
				PRODUCT_NAME = "$(TARGET_NAME)";
				SWIFT_EMIT_LOC_STRINGS = YES;
				SWIFT_VERSION = 5.0;
				TARGETED_DEVICE_FAMILY = "1,2";
			};
			name = Release;
		};
/* End XCBuildConfiguration section */

/* Begin XCConfigurationList section */
		194BCCF129C2148800226F49 /* Build configuration list for PBXProject "Pomodoro_Focus_Timer" */ = {
			isa = XCConfigurationList;
			buildConfigurations = (
				194BCD0229C2148A00226F49 /* Debug */,
				194BCD0329C2148A00226F49 /* Release */,
			);
			defaultConfigurationIsVisible = 0;
			defaultConfigurationName = Release;
		};
		194BCD0429C2148A00226F49 /* Build configuration list for PBXNativeTarget "Pomodoro_Focus_Timer" */ = {
			isa = XCConfigurationList;
			buildConfigurations = (
				194BCD0529C2148A00226F49 /* Debug */,
				194BCD0629C2148A00226F49 /* Release */,
			);
			defaultConfigurationIsVisible = 0;
			defaultConfigurationName = Release;
		};
/* End XCConfigurationList section */
	};
	rootObject = 194BCCEE29C2148800226F49 /* Project object */;
}
